
Microsoft Visual Studio Solution File, Format Version 12.00
# Visual Studio Express 2012 for Web
Project("{FAE04EC0-301F-11D3-BF4B-00C04F79EFBC}") = "project", "project\project.csproj", "{91D4670B-76F3-48E4-8329-849B686045EE}"
EndProject
Project("{CC5FD16D-436D-48AD-A40C-5A424C6E3E79}") = "project.Azure", "project.Azure\project.Azure.ccproj", "{7B4A6A1B-D412-4FF3-A501-F9DB1895DCD8}"
EndProject
Global
	GlobalSection(SolutionConfigurationPlatforms) = preSolution
		Debug|Any CPU = Debug|Any CPU
		Release|Any CPU = Release|Any CPU
	EndGlobalSection
	GlobalSection(ProjectConfigurationPlatforms) = postSolution
		{91D4670B-76F3-48E4-8329-849B686045EE}.Debug|Any CPU.ActiveCfg = Debug|Any CPU
		{91D4670B-76F3-48E4-8329-849B686045EE}.Debug|Any CPU.Build.0 = Debug|Any CPU
		{91D4670B-76F3-48E4-8329-849B686045EE}.Release|Any CPU.ActiveCfg = Release|Any CPU
		{91D4670B-76F3-48E4-8329-849B686045EE}.Release|Any CPU.Build.0 = Release|Any CPU
		{7B4A6A1B-D412-4FF3-A501-F9DB1895DCD8}.Debug|Any CPU.ActiveCfg = Debug|Any CPU
		{7B4A6A1B-D412-4FF3-A501-F9DB1895DCD8}.Debug|Any CPU.Build.0 = Debug|Any CPU
		{7B4A6A1B-D412-4FF3-A501-F9DB1895DCD8}.Release|Any CPU.ActiveCfg = Release|Any CPU
		{7B4A6A1B-D412-4FF3-A501-F9DB1895DCD8}.Release|Any CPU.Build.0 = Release|Any CPU
	EndGlobalSection
	GlobalSection(SolutionProperties) = preSolution
		HideSolutionNode = FALSE
	EndGlobalSection
EndGlobal
